
Microsoft Visual Studio Solution File, Format Version 12.00
# Visual Studio 15
VisualStudioVersion = 15.0.28307.645
MinimumVisualStudioVersion = 10.0.40219.1
Project("{E24C65DC-7377-472B-9ABA-BC803B73C61A}") = "denemek", "denemek\", "{239FCDB9-FEA7-420C-AA6A-25455DA4D8C8}"
	ProjectSection(WebsiteProperties) = preProject
		TargetFrameworkMoniker = ".NETFramework,Version%3Dv4.6.1"
		Debug.AspNetCompiler.VirtualPath = "/localhost_61134"
		Debug.AspNetCompiler.PhysicalPath = "denemek\"
		Debug.AspNetCompiler.TargetPath = "PrecompiledWeb\localhost_61134\"
		Debug.AspNetCompiler.Updateable = "true"
		Debug.AspNetCompiler.ForceOverwrite = "true"
		Debug.AspNetCompiler.FixedNames = "false"
		Debug.AspNetCompiler.Debug = "True"
		Release.AspNetCompiler.VirtualPath = "/localhost_61134"
		Release.AspNetCompiler.PhysicalPath = "denemek\"
		Release.AspNetCompiler.TargetPath = "PrecompiledWeb\localhost_61134\"
		Release.AspNetCompiler.Updateable = "true"
		Release.AspNetCompiler.ForceOverwrite = "true"
		Release.AspNetCompiler.FixedNames = "false"
		Release.AspNetCompiler.Debug = "False"
		VWDPort = "61134"
		SlnRelativePath = "denemek\"
		DefaultWebSiteLanguage = "Visual Basic"
	EndProjectSection
EndProject
Global
	GlobalSection(SolutionConfigurationPlatforms) = preSolution
		Debug|Any CPU = Debug|Any CPU
	EndGlobalSection
	GlobalSection(ProjectConfigurationPlatforms) = postSolution
		{239FCDB9-FEA7-420C-AA6A-25455DA4D8C8}.Debug|Any CPU.ActiveCfg = Debug|Any CPU
		{239FCDB9-FEA7-420C-AA6A-25455DA4D8C8}.Debug|Any CPU.Build.0 = Debug|Any CPU
	EndGlobalSection
	GlobalSection(SolutionProperties) = preSolution
		HideSolutionNode = FALSE
	EndGlobalSection
	GlobalSection(ExtensibilityGlobals) = postSolution
		SolutionGuid = {06CCEA6D-AF33-4756-BC33-2D85EBB649A7}
	EndGlobalSection
EndGlobal
